
Microsoft Visual Studio Solution File, Format Version 12.00
# Visual Studio Version 17
VisualStudioVersion = 17.5.33516.290
MinimumVisualStudioVersion = 10.0.40219.1
Project("{FAE04EC0-301F-11D3-BF4B-00C04F79EFBC}") = "ClientValidations", "ClientValidations\ClientValidations.csproj", "{5953872A-84E9-45A0-BF4C-BCB80C25BAE1}"
EndProject
Global
	GlobalSection(SolutionConfigurationPlatforms) = preSolution
		Debug|Any CPU = Debug|Any CPU
		Release|Any CPU = Release|Any CPU
	EndGlobalSection
	GlobalSection(ProjectConfigurationPlatforms) = postSolution
		{5953872A-84E9-45A0-BF4C-BCB80C25BAE1}.Debug|Any CPU.ActiveCfg = Debug|Any CPU
		{5953872A-84E9-45A0-BF4C-BCB80C25BAE1}.Debug|Any CPU.Build.0 = Debug|Any CPU
		{5953872A-84E9-45A0-BF4C-BCB80C25BAE1}.Release|Any CPU.ActiveCfg = Release|Any CPU
		{5953872A-84E9-45A0-BF4C-BCB80C25BAE1}.Release|Any CPU.Build.0 = Release|Any CPU
	EndGlobalSection
	GlobalSection(SolutionProperties) = preSolution
		HideSolutionNode = FALSE
	EndGlobalSection
	GlobalSection(ExtensibilityGlobals) = postSolution
		SolutionGuid = {8B7609BA-0CF0-4D3F-AD90-4B21D8412193}
	EndGlobalSection
EndGlobal
